// !$*UTF8*$!
{
	archiveVersion = 1;
	classes = {
	};
	objectVersion = 56;
	objects = {

/* Begin PBXBuildFile section */
		C6EEEFF02D873EAA00A715A1 /* Dart_Score_TrackerApp.swift in Sources */ = {isa = PBXBuildFile; fileRef = C6EEEFEF2D873EAA00A715A1 /* Dart_Score_TrackerApp.swift */; };
		C6EEEFF22D873EAA00A715A1 /* ContentView.swift in Sources */ = {isa = PBXBuildFile; fileRef = C6EEEFF12D873EAA00A715A1 /* ContentView.swift */; };
		C6EEEFF42D873EBA00A715A1 /* Assets.xcassets in Resources */ = {isa = PBXBuildFile; fileRef = C6EEEFF32D873EBA00A715A1 /* Assets.xcassets */; };
		C6EEEFF72D873EBA00A715A1 /* Preview Assets.xcassets in Resources */ = {isa = PBXBuildFile; fileRef = C6EEEFF62D873EBA00A715A1 /* Preview Assets.xcassets */; };
		C6EEF0022D8749E900A715A1 /* Game.swift in Sources */ = {isa = PBXBuildFile; fileRef = C6EEF0012D8749E900A715A1 /* Game.swift */; };
		C6EEF0052D874B8800A715A1 /* AppManager.swift in Sources */ = {isa = PBXBuildFile; fileRef = C6EEF0042D874B8800A715A1 /* AppManager.swift */; };
		C6EEF0072D87769E00A715A1 /* DartButtons.swift in Sources */ = {isa = PBXBuildFile; fileRef = C6EEF0062D87769E00A715A1 /* DartButtons.swift */; };
		C6EEF0092D8776BE00A715A1 /* MainView.swift in Sources */ = {isa = PBXBuildFile; fileRef = C6EEF0082D8776BE00A715A1 /* MainView.swift */; };
		C6EEF00B2D87780800A715A1 /* SingleDartButton.swift in Sources */ = {isa = PBXBuildFile; fileRef = C6EEF00A2D87780800A715A1 /* SingleDartButton.swift */; };
		C6EEF00E2D87A19200A715A1 /* PlayerScores.swift in Sources */ = {isa = PBXBuildFile; fileRef = C6EEF00D2D87A19200A715A1 /* PlayerScores.swift */; };
		C6EEF0102D87A2C100A715A1 /* ResetButton.swift in Sources */ = {isa = PBXBuildFile; fileRef = C6EEF00F2D87A2C100A715A1 /* ResetButton.swift */; };
		C6EEF0122D888EFF00A715A1 /* SmallDartButtons.swift in Sources */ = {isa = PBXBuildFile; fileRef = C6EEF0112D888EFF00A715A1 /* SmallDartButtons.swift */; };
/* End PBXBuildFile section */

/* Begin PBXFileReference section */
		C6EEEFEC2D873EAA00A715A1 /* Dart Score Tracker.app */ = {isa = PBXFileReference; explicitFileType = wrapper.application; includeInIndex = 0; path = "Dart Score Tracker.app"; sourceTree = BUILT_PRODUCTS_DIR; };
		C6EEEFEF2D873EAA00A715A1 /* Dart_Score_TrackerApp.swift */ = {isa = PBXFileReference; lastKnownFileType = sourcecode.swift; path = Dart_Score_TrackerApp.swift; sourceTree = "<group>"; };
		C6EEEFF12D873EAA00A715A1 /* ContentView.swift */ = {isa = PBXFileReference; lastKnownFileType = sourcecode.swift; path = ContentView.swift; sourceTree = "<group>"; };
		C6EEEFF32D873EBA00A715A1 /* Assets.xcassets */ = {isa = PBXFileReference; lastKnownFileType = folder.assetcatalog; path = Assets.xcassets; sourceTree = "<group>"; };
		C6EEEFF62D873EBA00A715A1 /* Preview Assets.xcassets */ = {isa = PBXFileReference; lastKnownFileType = folder.assetcatalog; path = "Preview Assets.xcassets"; sourceTree = "<group>"; };
		C6EEF0012D8749E900A715A1 /* Game.swift */ = {isa = PBXFileReference; lastKnownFileType = sourcecode.swift; path = Game.swift; sourceTree = "<group>"; };
		C6EEF0042D874B8800A715A1 /* AppManager.swift */ = {isa = PBXFileReference; lastKnownFileType = sourcecode.swift; path = AppManager.swift; sourceTree = "<group>"; };
		C6EEF0062D87769E00A715A1 /* DartButtons.swift */ = {isa = PBXFileReference; lastKnownFileType = sourcecode.swift; path = DartButtons.swift; sourceTree = "<group>"; };
		C6EEF0082D8776BE00A715A1 /* MainView.swift */ = {isa = PBXFileReference; lastKnownFileType = sourcecode.swift; path = MainView.swift; sourceTree = "<group>"; };
		C6EEF00A2D87780800A715A1 /* SingleDartButton.swift */ = {isa = PBXFileReference; lastKnownFileType = sourcecode.swift; path = SingleDartButton.swift; sourceTree = "<group>"; };
		C6EEF00D2D87A19200A715A1 /* PlayerScores.swift */ = {isa = PBXFileReference; lastKnownFileType = sourcecode.swift; path = PlayerScores.swift; sourceTree = "<group>"; };
		C6EEF00F2D87A2C100A715A1 /* ResetButton.swift */ = {isa = PBXFileReference; lastKnownFileType = sourcecode.swift; path = ResetButton.swift; sourceTree = "<group>"; };
		C6EEF0112D888EFF00A715A1 /* SmallDartButtons.swift */ = {isa = PBXFileReference; lastKnownFileType = sourcecode.swift; path = SmallDartButtons.swift; sourceTree = "<group>"; };
/* End PBXFileReference section */

/* Begin PBXFrameworksBuildPhase section */
		C6EEEFE92D873EAA00A715A1 /* Frameworks */ = {
			isa = PBXFrameworksBuildPhase;
			buildActionMask = 2147483647;
			files = (
			);
			runOnlyForDeploymentPostprocessing = 0;
		};
/* End PBXFrameworksBuildPhase section */

/* Begin PBXGroup section */
		C6EEEFE32D873EAA00A715A1 = {
			isa = PBXGroup;
			children = (
				C6EEEFEE2D873EAA00A715A1 /* Dart Score Tracker */,
				C6EEEFED2D873EAA00A715A1 /* Products */,
			);
			sourceTree = "<group>";
		};
		C6EEEFED2D873EAA00A715A1 /* Products */ = {
			isa = PBXGroup;
			children = (
				C6EEEFEC2D873EAA00A715A1 /* Dart Score Tracker.app */,
			);
			name = Products;
			sourceTree = "<group>";
		};
		C6EEEFEE2D873EAA00A715A1 /* Dart Score Tracker */ = {
			isa = PBXGroup;
			children = (
				C6EEF0032D874B7900A715A1 /* View Model */,
				C6EEF0002D8749DA00A715A1 /* Models */,
				C6EEEFFD2D8743E500A715A1 /* Views */,
				C6EEEFEF2D873EAA00A715A1 /* Dart_Score_TrackerApp.swift */,
				C6EEEFF12D873EAA00A715A1 /* ContentView.swift */,
				C6EEEFF32D873EBA00A715A1 /* Assets.xcassets */,
				C6EEEFF52D873EBA00A715A1 /* Preview Content */,
			);
			path = "Dart Score Tracker";
			sourceTree = "<group>";
		};
		C6EEEFF52D873EBA00A715A1 /* Preview Content */ = {
			isa = PBXGroup;
			children = (
				C6EEEFF62D873EBA00A715A1 /* Preview Assets.xcassets */,
			);
			path = "Preview Content";
			sourceTree = "<group>";
		};
		C6EEEFFD2D8743E500A715A1 /* Views */ = {
			isa = PBXGroup;
			children = (
				C6EEF0062D87769E00A715A1 /* DartButtons.swift */,
				C6EEF0082D8776BE00A715A1 /* MainView.swift */,
				C6EEF00A2D87780800A715A1 /* SingleDartButton.swift */,
				C6EEF00D2D87A19200A715A1 /* PlayerScores.swift */,
				C6EEF00F2D87A2C100A715A1 /* ResetButton.swift */,
				C6EEF0112D888EFF00A715A1 /* SmallDartButtons.swift */,
			);
			path = Views;
			sourceTree = "<group>";
		};
		C6EEF0002D8749DA00A715A1 /* Models */ = {
			isa = PBXGroup;
			children = (
				C6EEF0012D8749E900A715A1 /* Game.swift */,
			);
			path = Models;
			sourceTree = "<group>";
		};
		C6EEF0032D874B7900A715A1 /* View Model */ = {
			isa = PBXGroup;
			children = (
				C6EEF0042D874B8800A715A1 /* AppManager.swift */,
			);
			path = "View Model";
			sourceTree = "<group>";
		};
/* End PBXGroup section */

/* Begin PBXNativeTarget section */
		C6EEEFEB2D873EAA00A715A1 /* Dart Score Tracker */ = {
			isa = PBXNativeTarget;
			buildConfigurationList = C6EEEFFA2D873EBA00A715A1 /* Build configuration list for PBXNativeTarget "Dart Score Tracker" */;
			buildPhases = (
				C6EEEFE82D873EAA00A715A1 /* Sources */,
				C6EEEFE92D873EAA00A715A1 /* Frameworks */,
				C6EEEFEA2D873EAA00A715A1 /* Resources */,
			);
			buildRules = (
			);
			dependencies = (
			);
			name = "Dart Score Tracker";
			productName = "Dart Score Tracker";
			productReference = C6EEEFEC2D873EAA00A715A1 /* Dart Score Tracker.app */;
			productType = "com.apple.product-type.application";
		};
/* End PBXNativeTarget section */

/* Begin PBXProject section */
		C6EEEFE42D873EAA00A715A1 /* Project object */ = {
			isa = PBXProject;
			attributes = {
				BuildIndependentTargetsInParallel = 1;
				LastSwiftUpdateCheck = 1520;
				LastUpgradeCheck = 1520;
				TargetAttributes = {
					C6EEEFEB2D873EAA00A715A1 = {
						CreatedOnToolsVersion = 15.2;
					};
				};
			};
			buildConfigurationList = C6EEEFE72D873EAA00A715A1 /* Build configuration list for PBXProject "Dart Score Tracker" */;
			compatibilityVersion = "Xcode 14.0";
			developmentRegion = en;
			hasScannedForEncodings = 0;
			knownRegions = (
				en,
				Base,
			);
			mainGroup = C6EEEFE32D873EAA00A715A1;
			productRefGroup = C6EEEFED2D873EAA00A715A1 /* Products */;
			projectDirPath = "";
			projectRoot = "";
			targets = (
				C6EEEFEB2D873EAA00A715A1 /* Dart Score Tracker */,
			);
		};
/* End PBXProject section */

/* Begin PBXResourcesBuildPhase section */
		C6EEEFEA2D873EAA00A715A1 /* Resources */ = {
			isa = PBXResourcesBuildPhase;
			buildActionMask = 2147483647;
			files = (
				C6EEEFF72D873EBA00A715A1 /* Preview Assets.xcassets in Resources */,
				C6EEEFF42D873EBA00A715A1 /* Assets.xcassets in Resources */,
			);
			runOnlyForDeploymentPostprocessing = 0;
		};
/* End PBXResourcesBuildPhase section */

/* Begin PBXSourcesBuildPhase section */
		C6EEEFE82D873EAA00A715A1 /* Sources */ = {
			isa = PBXSourcesBuildPhase;
			buildActionMask = 2147483647;
			files = (
				C6EEEFF22D873EAA00A715A1 /* ContentView.swift in Sources */,
				C6EEF00E2D87A19200A715A1 /* PlayerScores.swift in Sources */,
				C6EEF0122D888EFF00A715A1 /* SmallDartButtons.swift in Sources */,
				C6EEF0092D8776BE00A715A1 /* MainView.swift in Sources */,
				C6EEF0052D874B8800A715A1 /* AppManager.swift in Sources */,
				C6EEF0072D87769E00A715A1 /* DartButtons.swift in Sources */,
				C6EEF00B2D87780800A715A1 /* SingleDartButton.swift in Sources */,
				C6EEEFF02D873EAA00A715A1 /* Dart_Score_TrackerApp.swift in Sources */,
				C6EEF0102D87A2C100A715A1 /* ResetButton.swift in Sources */,
				C6EEF0022D8749E900A715A1 /* Game.swift in Sources */,
			);
			runOnlyForDeploymentPostprocessing = 0;
		};
/* End PBXSourcesBuildPhase section */

/* Begin XCBuildConfiguration section */
		C6EEEFF82D873EBA00A715A1 /* Debug */ = {
			isa = XCBuildConfiguration;
			buildSettings = {
				ALWAYS_SEARCH_USER_PATHS = NO;
				ASSETCATALOG_COMPILER_GENERATE_SWIFT_ASSET_SYMBOL_EXTENSIONS = YES;
				CLANG_ANALYZER_NONNULL = YES;
				CLANG_ANALYZER_NUMBER_OBJECT_CONVERSION = YES_AGGRESSIVE;
				CLANG_CXX_LANGUAGE_STANDARD = "gnu++20";
				CLANG_ENABLE_MODULES = YES;
				CLANG_ENABLE_OBJC_ARC = YES;
				CLANG_ENABLE_OBJC_WEAK = YES;
				CLANG_WARN_BLOCK_CAPTURE_AUTORELEASING = YES;
				CLANG_WARN_BOOL_CONVERSION = YES;
				CLANG_WARN_COMMA = YES;
				CLANG_WARN_CONSTANT_CONVERSION = YES;
				CLANG_WARN_DEPRECATED_OBJC_IMPLEMENTATIONS = YES;
				CLANG_WARN_DIRECT_OBJC_ISA_USAGE = YES_ERROR;
				CLANG_WARN_DOCUMENTATION_COMMENTS = YES;
				CLANG_WARN_EMPTY_BODY = YES;
				CLANG_WARN_ENUM_CONVERSION = YES;
				CLANG_WARN_INFINITE_RECURSION = YES;
				CLANG_WARN_INT_CONVERSION = YES;
				CLANG_WARN_NON_LITERAL_NULL_CONVERSION = YES;
				CLANG_WARN_OBJC_IMPLICIT_RETAIN_SELF = YES;
				CLANG_WARN_OBJC_LITERAL_CONVERSION = YES;
				CLANG_WARN_OBJC_ROOT_CLASS = YES_ERROR;
				CLANG_WARN_QUOTED_INCLUDE_IN_FRAMEWORK_HEADER = YES;
				CLANG_WARN_RANGE_LOOP_ANALYSIS = YES;
				CLANG_WARN_STRICT_PROTOTYPES = YES;
				CLANG_WARN_SUSPICIOUS_MOVE = YES;
				CLANG_WARN_UNGUARDED_AVAILABILITY = YES_AGGRESSIVE;
				CLANG_WARN_UNREACHABLE_CODE = YES;
				CLANG_WARN__DUPLICATE_METHOD_MATCH = YES;
				COPY_PHASE_STRIP = NO;
				DEBUG_INFORMATION_FORMAT = dwarf;
				ENABLE_STRICT_OBJC_MSGSEND = YES;
				ENABLE_TESTABILITY = YES;
				ENABLE_USER_SCRIPT_SANDBOXING = YES;
				GCC_C_LANGUAGE_STANDARD = gnu17;
				GCC_DYNAMIC_NO_PIC = NO;
				GCC_NO_COMMON_BLOCKS = YES;
				GCC_OPTIMIZATION_LEVEL = 0;
				GCC_PREPROCESSOR_DEFINITIONS = (
					"DEBUG=1",
					"$(inherited)",
				);
				GCC_WARN_64_TO_32_BIT_CONVERSION = YES;
				GCC_WARN_ABOUT_RETURN_TYPE = YES_ERROR;
				GCC_WARN_UNDECLARED_SELECTOR = YES;
				GCC_WARN_UNINITIALIZED_AUTOS = YES_AGGRESSIVE;
				GCC_WARN_UNUSED_FUNCTION = YES;
				GCC_WARN_UNUSED_VARIABLE = YES;
				IPHONEOS_DEPLOYMENT_TARGET = 17.2;
				LOCALIZATION_PREFERS_STRING_CATALOGS = YES;
				MTL_ENABLE_DEBUG_INFO = INCLUDE_SOURCE;
				MTL_FAST_MATH = YES;
				ONLY_ACTIVE_ARCH = YES;
				SDKROOT = iphoneos;
				SWIFT_ACTIVE_COMPILATION_CONDITIONS = "DEBUG $(inherited)";
				SWIFT_OPTIMIZATION_LEVEL = "-Onone";
			};
			name = Debug;
		};
		C6EEEFF92D873EBA00A715A1 /* Release */ = {
			isa = XCBuildConfiguration;
			buildSettings = {
				ALWAYS_SEARCH_USER_PATHS = NO;
				ASSETCATALOG_COMPILER_GENERATE_SWIFT_ASSET_SYMBOL_EXTENSIONS = YES;
				CLANG_ANALYZER_NONNULL = YES;
				CLANG_ANALYZER_NUMBER_OBJECT_CONVERSION = YES_AGGRESSIVE;
				CLANG_CXX_LANGUAGE_STANDARD = "gnu++20";
				CLANG_ENABLE_MODULES = YES;
				CLANG_ENABLE_OBJC_ARC = YES;
				CLANG_ENABLE_OBJC_WEAK = YES;
				CLANG_WARN_BLOCK_CAPTURE_AUTORELEASING = YES;
				CLANG_WARN_BOOL_CONVERSION = YES;
				CLANG_WARN_COMMA = YES;
				CLANG_WARN_CONSTANT_CONVERSION = YES;
				CLANG_WARN_DEPRECATED_OBJC_IMPLEMENTATIONS = YES;
				CLANG_WARN_DIRECT_OBJC_ISA_USAGE = YES_ERROR;
				CLANG_WARN_DOCUMENTATION_COMMENTS = YES;
				CLANG_WARN_EMPTY_BODY = YES;
				CLANG_WARN_ENUM_CONVERSION = YES;
				CLANG_WARN_INFINITE_RECURSION = YES;
				CLANG_WARN_INT_CONVERSION = YES;
				CLANG_WARN_NON_LITERAL_NULL_CONVERSION = YES;
				CLANG_WARN_OBJC_IMPLICIT_RETAIN_SELF = YES;
				CLANG_WARN_OBJC_LITERAL_CONVERSION = YES;
				CLANG_WARN_OBJC_ROOT_CLASS = YES_ERROR;
				CLANG_WARN_QUOTED_INCLUDE_IN_FRAMEWORK_HEADER = YES;
				CLANG_WARN_RANGE_LOOP_ANALYSIS = YES;
				CLANG_WARN_STRICT_PROTOTYPES = YES;
				CLANG_WARN_SUSPICIOUS_MOVE = YES;
				CLANG_WARN_UNGUARDED_AVAILABILITY = YES_AGGRESSIVE;
				CLANG_WARN_UNREACHABLE_CODE = YES;
				CLANG_WARN__DUPLICATE_METHOD_MATCH = YES;
				COPY_PHASE_STRIP = NO;
				DEBUG_INFORMATION_FORMAT = "dwarf-with-dsym";
				ENABLE_NS_ASSERTIONS = NO;
				ENABLE_STRICT_OBJC_MSGSEND = YES;
				ENABLE_USER_SCRIPT_SANDBOXING = YES;
				GCC_C_LANGUAGE_STANDARD = gnu17;
				GCC_NO_COMMON_BLOCKS = YES;
				GCC_WARN_64_TO_32_BIT_CONVERSION = YES;
				GCC_WARN_ABOUT_RETURN_TYPE = YES_ERROR;
				GCC_WARN_UNDECLARED_SELECTOR = YES;
				GCC_WARN_UNINITIALIZED_AUTOS = YES_AGGRESSIVE;
				GCC_WARN_UNUSED_FUNCTION = YES;
				GCC_WARN_UNUSED_VARIABLE = YES;
				IPHONEOS_DEPLOYMENT_TARGET = 17.2;
				LOCALIZATION_PREFERS_STRING_CATALOGS = YES;
				MTL_ENABLE_DEBUG_INFO = NO;
				MTL_FAST_MATH = YES;
				SDKROOT = iphoneos;
				SWIFT_COMPILATION_MODE = wholemodule;
				VALIDATE_PRODUCT = YES;
			};
			name = Release;
		};
		C6EEEFFB2D873EBA00A715A1 /* Debug */ = {
			isa = XCBuildConfiguration;
			buildSettings = {
				ASSETCATALOG_COMPILER_APPICON_NAME = AppIcon;
				ASSETCATALOG_COMPILER_GLOBAL_ACCENT_COLOR_NAME = AccentColor;
				CODE_SIGN_STYLE = Automatic;
				CURRENT_PROJECT_VERSION = 1;
				DEVELOPMENT_ASSET_PATHS = "\"Dart Score Tracker/Preview Content\"";
				DEVELOPMENT_TEAM = 9P5TYA7KNM;
				ENABLE_PREVIEWS = YES;
				GENERATE_INFOPLIST_FILE = YES;
				INFOPLIST_KEY_UIApplicationSceneManifest_Generation = YES;
				INFOPLIST_KEY_UIApplicationSupportsIndirectInputEvents = YES;
				INFOPLIST_KEY_UILaunchScreen_Generation = YES;
				INFOPLIST_KEY_UISupportedInterfaceOrientations_iPad = "UIInterfaceOrientationPortrait UIInterfaceOrientationPortraitUpsideDown UIInterfaceOrientationLandscapeLeft UIInterfaceOrientationLandscapeRight";
				INFOPLIST_KEY_UISupportedInterfaceOrientations_iPhone = "UIInterfaceOrientationPortrait UIInterfaceOrientationLandscapeLeft UIInterfaceOrientationLandscapeRight";
				LD_RUNPATH_SEARCH_PATHS = (
					"$(inherited)",
					"@executable_path/Frameworks",
				);
				MARKETING_VERSION = 1.0;
				PRODUCT_BUNDLE_IDENTIFIER = "edu.psu.bsk5214.Dart-Score-Tracker";
				PRODUCT_NAME = "$(TARGET_NAME)";
				SUPPORTED_PLATFORMS = "iphoneos iphonesimulator";
				SUPPORTS_MACCATALYST = NO;
				SUPPORTS_MAC_DESIGNED_FOR_IPHONE_IPAD = NO;
				SUPPORTS_XR_DESIGNED_FOR_IPHONE_IPAD = NO;
				SWIFT_EMIT_LOC_STRINGS = YES;
				SWIFT_VERSION = 5.0;
				TARGETED_DEVICE_FAMILY = "1,2";
			};
			name = Debug;
		};
		C6EEEFFC2D873EBA00A715A1 /* Release */ = {
			isa = XCBuildConfiguration;
			buildSettings = {
				ASSETCATALOG_COMPILER_APPICON_NAME = AppIcon;
				ASSETCATALOG_COMPILER_GLOBAL_ACCENT_COLOR_NAME = AccentColor;
				CODE_SIGN_STYLE = Automatic;
				CURRENT_PROJECT_VERSION = 1;
				DEVELOPMENT_ASSET_PATHS = "\"Dart Score Tracker/Preview Content\"";
				DEVELOPMENT_TEAM = 9P5TYA7KNM;
				ENABLE_PREVIEWS = YES;
				GENERATE_INFOPLIST_FILE = YES;
				INFOPLIST_KEY_UIApplicationSceneManifest_Generation = YES;
				INFOPLIST_KEY_UIApplicationSupportsIndirectInputEvents = YES;
				INFOPLIST_KEY_UILaunchScreen_Generation = YES;
				INFOPLIST_KEY_UISupportedInterfaceOrientations_iPad = "UIInterfaceOrientationPortrait UIInterfaceOrientationPortraitUpsideDown UIInterfaceOrientationLandscapeLeft UIInterfaceOrientationLandscapeRight";
				INFOPLIST_KEY_UISupportedInterfaceOrientations_iPhone = "UIInterfaceOrientationPortrait UIInterfaceOrientationLandscapeLeft UIInterfaceOrientationLandscapeRight";
				LD_RUNPATH_SEARCH_PATHS = (
					"$(inherited)",
					"@executable_path/Frameworks",
				);
				MARKETING_VERSION = 1.0;
				PRODUCT_BUNDLE_IDENTIFIER = "edu.psu.bsk5214.Dart-Score-Tracker";
				PRODUCT_NAME = "$(TARGET_NAME)";
				SUPPORTED_PLATFORMS = "iphoneos iphonesimulator";
				SUPPORTS_MACCATALYST = NO;
				SUPPORTS_MAC_DESIGNED_FOR_IPHONE_IPAD = NO;
				SUPPORTS_XR_DESIGNED_FOR_IPHONE_IPAD = NO;
				SWIFT_EMIT_LOC_STRINGS = YES;
				SWIFT_VERSION = 5.0;
				TARGETED_DEVICE_FAMILY = "1,2";
			};
			name = Release;
		};
/* End XCBuildConfiguration section */

/* Begin XCConfigurationList section */
		C6EEEFE72D873EAA00A715A1 /* Build configuration list for PBXProject "Dart Score Tracker" */ = {
			isa = XCConfigurationList;
			buildConfigurations = (
				C6EEEFF82D873EBA00A715A1 /* Debug */,
				C6EEEFF92D873EBA00A715A1 /* Release */,
			);
			defaultConfigurationIsVisible = 0;
			defaultConfigurationName = Release;
		};
		C6EEEFFA2D873EBA00A715A1 /* Build configuration list for PBXNativeTarget "Dart Score Tracker" */ = {
			isa = XCConfigurationList;
			buildConfigurations = (
				C6EEEFFB2D873EBA00A715A1 /* Debug */,
				C6EEEFFC2D873EBA00A715A1 /* Release */,
			);
			defaultConfigurationIsVisible = 0;
			defaultConfigurationName = Release;
		};
/* End XCConfigurationList section */
	};
	rootObject = C6EEEFE42D873EAA00A715A1 /* Project object */;
}
